
Microsoft Visual Studio Solution File, Format Version 12.00
# Visual Studio Version 16
VisualStudioVersion = 16.0.31624.102
MinimumVisualStudioVersion = 10.0.40219.1
Project("{FAE04EC0-301F-11D3-BF4B-00C04F79EFBC}") = "WebApplication2", "WebApplication2\WebApplication2.csproj", "{B14B4123-E923-43B9-A884-6A2A6E8CB508}"
EndProject
Project("{FAE04EC0-301F-11D3-BF4B-00C04F79EFBC}") = "UnitTestProject1", "UnitTestProject1\UnitTestProject1.csproj", "{C67732C8-D6DE-4067-AD94-CF43C58CA3E0}"
EndProject
Global
	GlobalSection(SolutionConfigurationPlatforms) = preSolution
		Debug|Any CPU = Debug|Any CPU
		Release|Any CPU = Release|Any CPU
	EndGlobalSection
	GlobalSection(ProjectConfigurationPlatforms) = postSolution
		{B14B4123-E923-43B9-A884-6A2A6E8CB508}.Debug|Any CPU.ActiveCfg = Debug|Any CPU
		{B14B4123-E923-43B9-A884-6A2A6E8CB508}.Debug|Any CPU.Build.0 = Debug|Any CPU
		{B14B4123-E923-43B9-A884-6A2A6E8CB508}.Release|Any CPU.ActiveCfg = Release|Any CPU
		{B14B4123-E923-43B9-A884-6A2A6E8CB508}.Release|Any CPU.Build.0 = Release|Any CPU
		{C67732C8-D6DE-4067-AD94-CF43C58CA3E0}.Debug|Any CPU.ActiveCfg = Debug|Any CPU
		{C67732C8-D6DE-4067-AD94-CF43C58CA3E0}.Debug|Any CPU.Build.0 = Debug|Any CPU
		{C67732C8-D6DE-4067-AD94-CF43C58CA3E0}.Release|Any CPU.ActiveCfg = Release|Any CPU
		{C67732C8-D6DE-4067-AD94-CF43C58CA3E0}.Release|Any CPU.Build.0 = Release|Any CPU
	EndGlobalSection
	GlobalSection(SolutionProperties) = preSolution
		HideSolutionNode = FALSE
	EndGlobalSection
	GlobalSection(ExtensibilityGlobals) = postSolution
		SolutionGuid = {F1D03E81-8121-448F-A8EE-A507DB900D98}
	EndGlobalSection
EndGlobal
